
Microsoft Visual Studio Solution File, Format Version 11.00
# Visual Studio 2010
Project("{FAE04EC0-301F-11D3-BF4B-00C04F79EFBC}") = "QzoneSDK", "QzoneSDK\QzoneSDK.csproj", "{D2B52243-B8C0-4CE9-B781-EB7776C3CE38}"
EndProject
Project("{2150E333-8FDC-42A3-9474-1A3956D46DE8}") = "Samples", "Samples", "{53524A02-F1BA-4D23-90EE-8AD8476BFBBF}"
EndProject
Project("{FAE04EC0-301F-11D3-BF4B-00C04F79EFBC}") = "QQOauthWeb", "..\samples\QQOauthWeb\QQOauthWeb.csproj", "{4411D431-734D-41C9-A706-9AAD4FE59C11}"
EndProject
Global
	GlobalSection(SolutionConfigurationPlatforms) = preSolution
		Debug|Any CPU = Debug|Any CPU
		Release|Any CPU = Release|Any CPU
	EndGlobalSection
	GlobalSection(ProjectConfigurationPlatforms) = postSolution
		{D2B52243-B8C0-4CE9-B781-EB7776C3CE38}.Debug|Any CPU.ActiveCfg = Debug|Any CPU
		{D2B52243-B8C0-4CE9-B781-EB7776C3CE38}.Debug|Any CPU.Build.0 = Debug|Any CPU
		{D2B52243-B8C0-4CE9-B781-EB7776C3CE38}.Release|Any CPU.ActiveCfg = Release|Any CPU
		{D2B52243-B8C0-4CE9-B781-EB7776C3CE38}.Release|Any CPU.Build.0 = Release|Any CPU
		{4411D431-734D-41C9-A706-9AAD4FE59C11}.Debug|Any CPU.ActiveCfg = Debug|Any CPU
		{4411D431-734D-41C9-A706-9AAD4FE59C11}.Debug|Any CPU.Build.0 = Debug|Any CPU
		{4411D431-734D-41C9-A706-9AAD4FE59C11}.Release|Any CPU.ActiveCfg = Release|Any CPU
		{4411D431-734D-41C9-A706-9AAD4FE59C11}.Release|Any CPU.Build.0 = Release|Any CPU
	EndGlobalSection
	GlobalSection(SolutionProperties) = preSolution
		HideSolutionNode = FALSE
	EndGlobalSection
	GlobalSection(NestedProjects) = preSolution
		{4411D431-734D-41C9-A706-9AAD4FE59C11} = {53524A02-F1BA-4D23-90EE-8AD8476BFBBF}
	EndGlobalSection
EndGlobal
